
Microsoft Visual Studio Solution File, Format Version 12.00
# Visual Studio Version 17
VisualStudioVersion = 17.1.32319.34
MinimumVisualStudioVersion = 10.0.40219.1
Project("{8BC9CEB8-8B4A-11D0-8D11-00A0C91BC942}") = "lesson1", "sikiCppLesson\sikiCppLesson.vcxproj", "{9D221A06-7FE5-4A27-9B57-4F302099175C}"
EndProject
Project("{8BC9CEB8-8B4A-11D0-8D11-00A0C91BC942}") = "lesson1Review", "..\lesson1（review）\lesson1Review\lesson1Review.vcxproj", "{B1697EB7-4DAB-40F6-881B-CE3A5F059F7B}"
EndProject
Project("{8BC9CEB8-8B4A-11D0-8D11-00A0C91BC942}") = "lesson2（0）", "..\lesson2\lesson2\lesson2.vcxproj", "{C26B0A10-EDB5-4A66-9931-CCB08165BA57}"
EndProject
Project("{8BC9CEB8-8B4A-11D0-8D11-00A0C91BC942}") = "lesson2（1）", "..\lesson2\lesson2（1）\lesson2（1）.vcxproj", "{7FE043CF-232D-4FCF-A94A-6221BD9F9AAC}"
EndProject
Project("{8BC9CEB8-8B4A-11D0-8D11-00A0C91BC942}") = "lesson2（2）", "..\lesson2\lesson2（2）\lesson2（2）.vcxproj", "{B0CA9EBB-F968-43FA-AC55-B0D0ECCB3DD6}"
EndProject
Project("{8BC9CEB8-8B4A-11D0-8D11-00A0C91BC942}") = "lesson2（3）", "..\lesson2\lesson2（3）\lesson2（3）.vcxproj", "{470990F3-E06C-45A3-AAF4-C8BFC5A7E5D8}"
EndProject
Project("{8BC9CEB8-8B4A-11D0-8D11-00A0C91BC942}") = "lesson2（4）", "..\lesson2\lesson2（4）\lesson2（4）.vcxproj", "{B6EFCF4B-78CE-4FE0-A0C1-8260A8CAC967}"
EndProject
Project("{8BC9CEB8-8B4A-11D0-8D11-00A0C91BC942}") = "lesson2（5）", "..\lesson2\lesson2（5）\lesson2（5）.vcxproj", "{874D9736-135D-4A41-82DC-8D13A704D1F4}"
EndProject
Project("{8BC9CEB8-8B4A-11D0-8D11-00A0C91BC942}") = "lesson2（6）", "..\lesson2\lesson2（6）\lesson2（6）.vcxproj", "{8D86BD0E-1ED5-4A8D-A10C-EBF1B8E6CCCA}"
EndProject
Project("{8BC9CEB8-8B4A-11D0-8D11-00A0C91BC942}") = "lesson2（7）", "..\lesson2\lesson2（7）\lesson2（7）.vcxproj", "{45DD1DC0-EA44-42F8-873A-C556D5289D8F}"
EndProject
Project("{8BC9CEB8-8B4A-11D0-8D11-00A0C91BC942}") = "lesson2（8）", "..\lesson2\lesson2（8）\lesson2（8）.vcxproj", "{74C768F7-0A13-48A2-AB74-0D437AC5C291}"
EndProject
Project("{8BC9CEB8-8B4A-11D0-8D11-00A0C91BC942}") = "lesson2Review（0）", "..\lesson2Review\lesson2Review（0）\lesson2Review（0）.vcxproj", "{E363AD06-49C4-4A59-BCB3-C86EFC2FB77B}"
EndProject
Project("{8BC9CEB8-8B4A-11D0-8D11-00A0C91BC942}") = "lesson2Review（1）", "..\lesson2Review\lesson2Review（1）\lesson2Review（1）.vcxproj", "{07CE554E-62AC-4EF9-B12D-5201FD1EBFDB}"
EndProject
Project("{8BC9CEB8-8B4A-11D0-8D11-00A0C91BC942}") = "lesson2Review（2）", "..\lesson2Review\lesson2Review（2）\lesson2Review（2）.vcxproj", "{51333580-9799-4C88-9FDA-BF26E3EF4C45}"
EndProject
Project("{8BC9CEB8-8B4A-11D0-8D11-00A0C91BC942}") = "lesson2Review（3）", "..\lesson2Review\lesson2Review（3）\lesson2Review（3）.vcxproj", "{B8490824-2DD9-4525-B156-2D7B0B2B99D0}"
EndProject
Project("{8BC9CEB8-8B4A-11D0-8D11-00A0C91BC942}") = "lesson3（0）", "..\lesson3\lesson3（0）\lesson3（0）.vcxproj", "{FCC66906-3B79-4457-BDFB-27AD90431564}"
EndProject
Project("{8BC9CEB8-8B4A-11D0-8D11-00A0C91BC942}") = "lesson3（1）", "..\lesson3\lesson3（1）\lesson3（1）.vcxproj", "{E4B275C8-20F5-4317-A40C-3B5EE2AB11FD}"
EndProject
Project("{8BC9CEB8-8B4A-11D0-8D11-00A0C91BC942}") = "lesson3（2）", "..\lesson3\lesson3（2）\lesson3（2）.vcxproj", "{37D72AC6-BEAD-414D-9CAA-50FA0DAB1537}"
EndProject
Project("{8BC9CEB8-8B4A-11D0-8D11-00A0C91BC942}") = "lesson3（3）", "..\lesson3\lesson3（3）\lesson3（3）.vcxproj", "{21034D90-C4DF-409D-8615-732A52A8E899}"
EndProject
Project("{8BC9CEB8-8B4A-11D0-8D11-00A0C91BC942}") = "lesson3（4）", "..\lesson3\lesson3（4）\lesson3（4）.vcxproj", "{1682880F-FFDA-4516-834D-0E231A7E0696}"
EndProject
Project("{8BC9CEB8-8B4A-11D0-8D11-00A0C91BC942}") = "lesson3（5）", "..\lesson3\lesson3（5）\lesson3（5）.vcxproj", "{C76F8B49-F104-47A4-A86A-11C6829DBE55}"
EndProject
Project("{8BC9CEB8-8B4A-11D0-8D11-00A0C91BC942}") = "lesson3（6）", "..\lesson3\lesson3（6）\lesson3（6）.vcxproj", "{E8E2AF29-A535-400E-B9A8-FBB359782930}"
EndProject
Project("{8BC9CEB8-8B4A-11D0-8D11-00A0C91BC942}") = "lesson3（7）", "..\lesson3\lesson3（7）\lesson3（7）.vcxproj", "{928847E9-B669-4030-A6D1-F5D973C3A371}"
EndProject
Project("{8BC9CEB8-8B4A-11D0-8D11-00A0C91BC942}") = "lesson3（8）", "..\lesson3\lesson3（8）\lesson3（8）.vcxproj", "{C840C945-81D5-4D2D-8BF0-91A8473202F8}"
EndProject
Project("{8BC9CEB8-8B4A-11D0-8D11-00A0C91BC942}") = "lesson3（9）", "..\lesson3\lesson3（9）\lesson3（9）.vcxproj", "{0374F332-72CE-41FC-8EE6-8B949B4A5FB1}"
EndProject
Project("{8BC9CEB8-8B4A-11D0-8D11-00A0C91BC942}") = "lesson3（A）", "..\lesson3\lesson3（10）\lesson3（10）.vcxproj", "{92D408B1-C261-4CA4-99F7-0E7E6899C254}"
EndProject
Project("{8BC9CEB8-8B4A-11D0-8D11-00A0C91BC942}") = "lesson3（B）", "..\lesson3\lesson3（11）\lesson3（11）.vcxproj", "{7228360E-3B10-4043-9E18-3E061B3950AA}"
EndProject
Project("{8BC9CEB8-8B4A-11D0-8D11-00A0C91BC942}") = "lesson3（C）", "..\lesson3\lesson3（12）\lesson3（12）.vcxproj", "{C03C2948-A46B-4A2A-95F7-56673EA2D938}"
EndProject
Project("{8BC9CEB8-8B4A-11D0-8D11-00A0C91BC942}") = "lesson3Review（0）", "..\lesson3Review\lesson3Review（0）\lesson3Review（0）.vcxproj", "{53153EB3-D730-4589-AF49-041CBD154D71}"
EndProject
Project("{8BC9CEB8-8B4A-11D0-8D11-00A0C91BC942}") = "lesson3Review（1）", "..\lesson3Review\lesson3Review（1）\lesson3Review（1）.vcxproj", "{D79856EB-890A-40D9-BE4D-57DFA2109F1F}"
EndProject
Project("{8BC9CEB8-8B4A-11D0-8D11-00A0C91BC942}") = "lesson3Review（2）", "..\lesson3Review\lesson3Review（2）\lesson3Review（2）.vcxproj", "{B419DA78-8249-4CCF-B9E1-839A5B75FC29}"
EndProject
Project("{8BC9CEB8-8B4A-11D0-8D11-00A0C91BC942}") = "lesson4（0）", "..\lesson4\lesson4（0）\lesson4（0）.vcxproj", "{A0FCC5A1-BDF1-4175-857C-ECE01FB7170A}"
EndProject
Project("{8BC9CEB8-8B4A-11D0-8D11-00A0C91BC942}") = "lesson4（1）", "..\lesson4\lesson4（1）\lesson4（1）.vcxproj", "{E7A9059E-7620-40B9-8F4A-7A4DB2593E2B}"
EndProject
Project("{8BC9CEB8-8B4A-11D0-8D11-00A0C91BC942}") = "lesson4（2）", "..\lesson4\lesson4（2）\lesson4（2）.vcxproj", "{77012BEF-D362-4C84-825A-E1CDE048E3EF}"
EndProject
Project("{8BC9CEB8-8B4A-11D0-8D11-00A0C91BC942}") = "lesson4（3）", "..\lesson4\lesson4（3）\lesson4（3）.vcxproj", "{1E377531-9522-465D-9EE3-3AFEDA96ED5F}"
EndProject
Project("{8BC9CEB8-8B4A-11D0-8D11-00A0C91BC942}") = "lesson4（4）", "..\lesson4\lesson4（4）\lesson4（4）.vcxproj", "{EBA54881-339D-4F5E-9D47-5443AAB3EDD0}"
EndProject
Project("{8BC9CEB8-8B4A-11D0-8D11-00A0C91BC942}") = "lesson4（5）", "..\lesson4\lesson4（5）\lesson4（5）.vcxproj", "{5D032C6B-C2F7-4857-B8BF-E865CBF59879}"
EndProject
Project("{8BC9CEB8-8B4A-11D0-8D11-00A0C91BC942}") = "lesson4（6）", "..\lesson4\lesson4（6）\lesson4（6）.vcxproj", "{025A55DB-F767-4C22-9E7A-BC8F65FDD662}"
EndProject
Project("{8BC9CEB8-8B4A-11D0-8D11-00A0C91BC942}") = "lesson4Review（0）", "..\lesson4Review\lesson4Review（0）\lesson4Review（0）.vcxproj", "{FD44F37C-C7AE-4EA0-9552-69584E64D7E2}"
EndProject
Project("{8BC9CEB8-8B4A-11D0-8D11-00A0C91BC942}") = "lesson4Review（1）", "..\lesson4Review\lesson4Review（1）\lesson4Review（1）.vcxproj", "{C03C13EC-893A-49D5-B753-FEDDA73DC931}"
EndProject
Project("{8BC9CEB8-8B4A-11D0-8D11-00A0C91BC942}") = "lesson4Review（2）", "..\lesson4Review\lesson4Review（2）\lesson4Review（2）.vcxproj", "{3E1DA973-2999-4009-8ED1-60AC0D7A51A2}"
EndProject
Project("{8BC9CEB8-8B4A-11D0-8D11-00A0C91BC942}") = "lesson4Review（3）", "..\lesson4Review\lesson4Review（3）\lesson4Review（3）.vcxproj", "{9CAF4752-6E9F-442F-A2F6-FB81C3B9EEE5}"
EndProject
Project("{8BC9CEB8-8B4A-11D0-8D11-00A0C91BC942}") = "lesson4Review（4）", "..\lesson4Review\lesson4Review（4）\lesson4Review（4）.vcxproj", "{AB23AEB5-972E-4CC4-B3D4-13BCA9E7FACD}"
EndProject
Project("{8BC9CEB8-8B4A-11D0-8D11-00A0C91BC942}") = "lesson5（0）", "..\lesson5\lesson5（0）\lesson5（0）.vcxproj", "{C5598BAB-4A1D-4F55-9DBB-8E29AE8AB262}"
EndProject
Project("{8BC9CEB8-8B4A-11D0-8D11-00A0C91BC942}") = "lesson5（1）", "..\lesson5\lesson5（1）\lesson5（1）.vcxproj", "{26A98B31-E398-4122-B37D-0CD28EAF5A4B}"
EndProject
Project("{8BC9CEB8-8B4A-11D0-8D11-00A0C91BC942}") = "lesson5（2）", "..\lesson5\lesson5（2）\lesson5（2）.vcxproj", "{B8F9BF91-91FD-41AC-81E0-DD0DD13801E7}"
EndProject
Project("{8BC9CEB8-8B4A-11D0-8D11-00A0C91BC942}") = "lesson5（3）", "..\lesson5\lesson5（3）\lesson5（3）.vcxproj", "{5CB7ED4A-5FA7-484E-807C-3EA39798A363}"
EndProject
Project("{8BC9CEB8-8B4A-11D0-8D11-00A0C91BC942}") = "lesson5（4）", "..\lesson5\lesson5（4）\lesson5（4）.vcxproj", "{CAEAEAC4-AA54-4A19-AC7C-CF23B0495535}"
EndProject
Project("{8BC9CEB8-8B4A-11D0-8D11-00A0C91BC942}") = "lesson5Review（0）", "..\lesson5Review\lesson5Review（0）\lesson5Review（0）.vcxproj", "{5FAD44BB-EF6C-447A-9D92-6BEB2603259C}"
EndProject
Project("{8BC9CEB8-8B4A-11D0-8D11-00A0C91BC942}") = "lesson5Review（1）", "..\lesson5Review\lesson5Review（1）\lesson5Review（1）.vcxproj", "{A70E1B62-7334-4C6B-9BDE-DBA95E372E73}"
EndProject
Project("{8BC9CEB8-8B4A-11D0-8D11-00A0C91BC942}") = "lesson5Review（2）", "..\lesson5Review\lesson5Review（2）\lesson5Review（2）.vcxproj", "{F589AD74-3F90-4816-A33F-C424159477CB}"
EndProject
Project("{8BC9CEB8-8B4A-11D0-8D11-00A0C91BC942}") = "lesson5Review（3）", "..\lesson5Review\lesson5Review（3）\lesson5Review（3）.vcxproj", "{8513937F-35AD-4154-99B3-4E954E5CD47F}"
EndProject
Project("{8BC9CEB8-8B4A-11D0-8D11-00A0C91BC942}") = "lesson5Review（4）", "..\lesson5Review\lesson5Review（4）\lesson5Review（4）.vcxproj", "{D5D160F2-A63F-4D54-B05E-ABB58E415E7F}"
EndProject
Global
	GlobalSection(SolutionConfigurationPlatforms) = preSolution
		Debug|x64 = Debug|x64
		Debug|x86 = Debug|x86
		Release|x64 = Release|x64
		Release|x86 = Release|x86
	EndGlobalSection
	GlobalSection(ProjectConfigurationPlatforms) = postSolution
		{9D221A06-7FE5-4A27-9B57-4F302099175C}.Debug|x64.ActiveCfg = Debug|x64
		{9D221A06-7FE5-4A27-9B57-4F302099175C}.Debug|x64.Build.0 = Debug|x64
		{9D221A06-7FE5-4A27-9B57-4F302099175C}.Debug|x86.ActiveCfg = Debug|Win32
		{9D221A06-7FE5-4A27-9B57-4F302099175C}.Debug|x86.Build.0 = Debug|Win32
		{9D221A06-7FE5-4A27-9B57-4F302099175C}.Release|x64.ActiveCfg = Release|x64
		{9D221A06-7FE5-4A27-9B57-4F302099175C}.Release|x64.Build.0 = Release|x64
		{9D221A06-7FE5-4A27-9B57-4F302099175C}.Release|x86.ActiveCfg = Release|Win32
		{9D221A06-7FE5-4A27-9B57-4F302099175C}.Release|x86.Build.0 = Release|Win32
		{B1697EB7-4DAB-40F6-881B-CE3A5F059F7B}.Debug|x64.ActiveCfg = Debug|x64
		{B1697EB7-4DAB-40F6-881B-CE3A5F059F7B}.Debug|x64.Build.0 = Debug|x64
		{B1697EB7-4DAB-40F6-881B-CE3A5F059F7B}.Debug|x86.ActiveCfg = Debug|Win32
		{B1697EB7-4DAB-40F6-881B-CE3A5F059F7B}.Debug|x86.Build.0 = Debug|Win32
		{B1697EB7-4DAB-40F6-881B-CE3A5F059F7B}.Release|x64.ActiveCfg = Release|x64
		{B1697EB7-4DAB-40F6-881B-CE3A5F059F7B}.Release|x64.Build.0 = Release|x64
		{B1697EB7-4DAB-40F6-881B-CE3A5F059F7B}.Release|x86.ActiveCfg = Release|Win32
		{B1697EB7-4DAB-40F6-881B-CE3A5F059F7B}.Release|x86.Build.0 = Release|Win32
		{C26B0A10-EDB5-4A66-9931-CCB08165BA57}.Debug|x64.ActiveCfg = Debug|x64
		{C26B0A10-EDB5-4A66-9931-CCB08165BA57}.Debug|x64.Build.0 = Debug|x64
		{C26B0A10-EDB5-4A66-9931-CCB08165BA57}.Debug|x86.ActiveCfg = Debug|Win32
		{C26B0A10-EDB5-4A66-9931-CCB08165BA57}.Debug|x86.Build.0 = Debug|Win32
		{C26B0A10-EDB5-4A66-9931-CCB08165BA57}.Release|x64.ActiveCfg = Release|x64
		{C26B0A10-EDB5-4A66-9931-CCB08165BA57}.Release|x64.Build.0 = Release|x64
		{C26B0A10-EDB5-4A66-9931-CCB08165BA57}.Release|x86.ActiveCfg = Release|Win32
		{C26B0A10-EDB5-4A66-9931-CCB08165BA57}.Release|x86.Build.0 = Release|Win32
		{7FE043CF-232D-4FCF-A94A-6221BD9F9AAC}.Debug|x64.ActiveCfg = Debug|x64
		{7FE043CF-232D-4FCF-A94A-6221BD9F9AAC}.Debug|x64.Build.0 = Debug|x64
		{7FE043CF-232D-4FCF-A94A-6221BD9F9AAC}.Debug|x86.ActiveCfg = Debug|Win32
		{7FE043CF-232D-4FCF-A94A-6221BD9F9AAC}.Debug|x86.Build.0 = Debug|Win32
		{7FE043CF-232D-4FCF-A94A-6221BD9F9AAC}.Release|x64.ActiveCfg = Release|x64
		{7FE043CF-232D-4FCF-A94A-6221BD9F9AAC}.Release|x64.Build.0 = Release|x64
		{7FE043CF-232D-4FCF-A94A-6221BD9F9AAC}.Release|x86.ActiveCfg = Release|Win32
		{7FE043CF-232D-4FCF-A94A-6221BD9F9AAC}.Release|x86.Build.0 = Release|Win32
		{B0CA9EBB-F968-43FA-AC55-B0D0ECCB3DD6}.Debug|x64.ActiveCfg = Debug|x64
		{B0CA9EBB-F968-43FA-AC55-B0D0ECCB3DD6}.Debug|x64.Build.0 = Debug|x64
		{B0CA9EBB-F968-43FA-AC55-B0D0ECCB3DD6}.Debug|x86.ActiveCfg = Debug|Win32
		{B0CA9EBB-F968-43FA-AC55-B0D0ECCB3DD6}.Debug|x86.Build.0 = Debug|Win32
		{B0CA9EBB-F968-43FA-AC55-B0D0ECCB3DD6}.Release|x64.ActiveCfg = Release|x64
		{B0CA9EBB-F968-43FA-AC55-B0D0ECCB3DD6}.Release|x64.Build.0 = Release|x64
		{B0CA9EBB-F968-43FA-AC55-B0D0ECCB3DD6}.Release|x86.ActiveCfg = Release|Win32
		{B0CA9EBB-F968-43FA-AC55-B0D0ECCB3DD6}.Release|x86.Build.0 = Release|Win32
		{470990F3-E06C-45A3-AAF4-C8BFC5A7E5D8}.Debug|x64.ActiveCfg = Debug|x64
		{470990F3-E06C-45A3-AAF4-C8BFC5A7E5D8}.Debug|x64.Build.0 = Debug|x64
		{470990F3-E06C-45A3-AAF4-C8BFC5A7E5D8}.Debug|x86.ActiveCfg = Debug|Win32
		{470990F3-E06C-45A3-AAF4-C8BFC5A7E5D8}.Debug|x86.Build.0 = Debug|Win32
		{470990F3-E06C-45A3-AAF4-C8BFC5A7E5D8}.Release|x64.ActiveCfg = Release|x64
		{470990F3-E06C-45A3-AAF4-C8BFC5A7E5D8}.Release|x64.Build.0 = Release|x64
		{470990F3-E06C-45A3-AAF4-C8BFC5A7E5D8}.Release|x86.ActiveCfg = Release|Win32
		{470990F3-E06C-45A3-AAF4-C8BFC5A7E5D8}.Release|x86.Build.0 = Release|Win32
		{B6EFCF4B-78CE-4FE0-A0C1-8260A8CAC967}.Debug|x64.ActiveCfg = Debug|x64
		{B6EFCF4B-78CE-4FE0-A0C1-8260A8CAC967}.Debug|x64.Build.0 = Debug|x64
		{B6EFCF4B-78CE-4FE0-A0C1-8260A8CAC967}.Debug|x86.ActiveCfg = Debug|Win32
		{B6EFCF4B-78CE-4FE0-A0C1-8260A8CAC967}.Debug|x86.Build.0 = Debug|Win32
		{B6EFCF4B-78CE-4FE0-A0C1-8260A8CAC967}.Release|x64.ActiveCfg = Release|x64
		{B6EFCF4B-78CE-4FE0-A0C1-8260A8CAC967}.Release|x64.Build.0 = Release|x64
		{B6EFCF4B-78CE-4FE0-A0C1-8260A8CAC967}.Release|x86.ActiveCfg = Release|Win32
		{B6EFCF4B-78CE-4FE0-A0C1-8260A8CAC967}.Release|x86.Build.0 = Release|Win32
		{874D9736-135D-4A41-82DC-8D13A704D1F4}.Debug|x64.ActiveCfg = Debug|x64
		{874D9736-135D-4A41-82DC-8D13A704D1F4}.Debug|x64.Build.0 = Debug|x64
		{874D9736-135D-4A41-82DC-8D13A704D1F4}.Debug|x86.ActiveCfg = Debug|Win32
		{874D9736-135D-4A41-82DC-8D13A704D1F4}.Debug|x86.Build.0 = Debug|Win32
		{874D9736-135D-4A41-82DC-8D13A704D1F4}.Release|x64.ActiveCfg = Release|x64
		{874D9736-135D-4A41-82DC-8D13A704D1F4}.Release|x64.Build.0 = Release|x64
		{874D9736-135D-4A41-82DC-8D13A704D1F4}.Release|x86.ActiveCfg = Release|Win32
		{874D9736-135D-4A41-82DC-8D13A704D1F4}.Release|x86.Build.0 = Release|Win32
		{8D86BD0E-1ED5-4A8D-A10C-EBF1B8E6CCCA}.Debug|x64.ActiveCfg = Debug|x64
		{8D86BD0E-1ED5-4A8D-A10C-EBF1B8E6CCCA}.Debug|x64.Build.0 = Debug|x64
		{8D86BD0E-1ED5-4A8D-A10C-EBF1B8E6CCCA}.Debug|x86.ActiveCfg = Debug|Win32
		{8D86BD0E-1ED5-4A8D-A10C-EBF1B8E6CCCA}.Debug|x86.Build.0 = Debug|Win32
		{8D86BD0E-1ED5-4A8D-A10C-EBF1B8E6CCCA}.Release|x64.ActiveCfg = Release|x64
		{8D86BD0E-1ED5-4A8D-A10C-EBF1B8E6CCCA}.Release|x64.Build.0 = Release|x64
		{8D86BD0E-1ED5-4A8D-A10C-EBF1B8E6CCCA}.Release|x86.ActiveCfg = Release|Win32
		{8D86BD0E-1ED5-4A8D-A10C-EBF1B8E6CCCA}.Release|x86.Build.0 = Release|Win32
		{45DD1DC0-EA44-42F8-873A-C556D5289D8F}.Debug|x64.ActiveCfg = Debug|x64
		{45DD1DC0-EA44-42F8-873A-C556D5289D8F}.Debug|x64.Build.0 = Debug|x64
		{45DD1DC0-EA44-42F8-873A-C556D5289D8F}.Debug|x86.ActiveCfg = Debug|Win32
		{45DD1DC0-EA44-42F8-873A-C556D5289D8F}.Debug|x86.Build.0 = Debug|Win32
		{45DD1DC0-EA44-42F8-873A-C556D5289D8F}.Release|x64.ActiveCfg = Release|x64
		{45DD1DC0-EA44-42F8-873A-C556D5289D8F}.Release|x64.Build.0 = Release|x64
		{45DD1DC0-EA44-42F8-873A-C556D5289D8F}.Release|x86.ActiveCfg = Release|Win32
		{45DD1DC0-EA44-42F8-873A-C556D5289D8F}.Release|x86.Build.0 = Release|Win32
		{74C768F7-0A13-48A2-AB74-0D437AC5C291}.Debug|x64.ActiveCfg = Debug|x64
		{74C768F7-0A13-48A2-AB74-0D437AC5C291}.Debug|x64.Build.0 = Debug|x64
		{74C768F7-0A13-48A2-AB74-0D437AC5C291}.Debug|x86.ActiveCfg = Debug|Win32
		{74C768F7-0A13-48A2-AB74-0D437AC5C291}.Debug|x86.Build.0 = Debug|Win32
		{74C768F7-0A13-48A2-AB74-0D437AC5C291}.Release|x64.ActiveCfg = Release|x64
		{74C768F7-0A13-48A2-AB74-0D437AC5C291}.Release|x64.Build.0 = Release|x64
		{74C768F7-0A13-48A2-AB74-0D437AC5C291}.Release|x86.ActiveCfg = Release|Win32
		{74C768F7-0A13-48A2-AB74-0D437AC5C291}.Release|x86.Build.0 = Release|Win32
		{E363AD06-49C4-4A59-BCB3-C86EFC2FB77B}.Debug|x64.ActiveCfg = Debug|x64
		{E363AD06-49C4-4A59-BCB3-C86EFC2FB77B}.Debug|x64.Build.0 = Debug|x64
		{E363AD06-49C4-4A59-BCB3-C86EFC2FB77B}.Debug|x86.ActiveCfg = Debug|Win32
		{E363AD06-49C4-4A59-BCB3-C86EFC2FB77B}.Debug|x86.Build.0 = Debug|Win32
		{E363AD06-49C4-4A59-BCB3-C86EFC2FB77B}.Release|x64.ActiveCfg = Release|x64
		{E363AD06-49C4-4A59-BCB3-C86EFC2FB77B}.Release|x64.Build.0 = Release|x64
		{E363AD06-49C4-4A59-BCB3-C86EFC2FB77B}.Release|x86.ActiveCfg = Release|Win32
		{E363AD06-49C4-4A59-BCB3-C86EFC2FB77B}.Release|x86.Build.0 = Release|Win32
		{07CE554E-62AC-4EF9-B12D-5201FD1EBFDB}.Debug|x64.ActiveCfg = Debug|x64
		{07CE554E-62AC-4EF9-B12D-5201FD1EBFDB}.Debug|x64.Build.0 = Debug|x64
		{07CE554E-62AC-4EF9-B12D-5201FD1EBFDB}.Debug|x86.ActiveCfg = Debug|Win32
		{07CE554E-62AC-4EF9-B12D-5201FD1EBFDB}.Debug|x86.Build.0 = Debug|Win32
		{07CE554E-62AC-4EF9-B12D-5201FD1EBFDB}.Release|x64.ActiveCfg = Release|x64
		{07CE554E-62AC-4EF9-B12D-5201FD1EBFDB}.Release|x64.Build.0 = Release|x64
		{07CE554E-62AC-4EF9-B12D-5201FD1EBFDB}.Release|x86.ActiveCfg = Release|Win32
		{07CE554E-62AC-4EF9-B12D-5201FD1EBFDB}.Release|x86.Build.0 = Release|Win32
		{51333580-9799-4C88-9FDA-BF26E3EF4C45}.Debug|x64.ActiveCfg = Debug|x64
		{51333580-9799-4C88-9FDA-BF26E3EF4C45}.Debug|x64.Build.0 = Debug|x64
		{51333580-9799-4C88-9FDA-BF26E3EF4C45}.Debug|x86.ActiveCfg = Debug|Win32
		{51333580-9799-4C88-9FDA-BF26E3EF4C45}.Debug|x86.Build.0 = Debug|Win32
		{51333580-9799-4C88-9FDA-BF26E3EF4C45}.Release|x64.ActiveCfg = Release|x64
		{51333580-9799-4C88-9FDA-BF26E3EF4C45}.Release|x64.Build.0 = Release|x64
		{51333580-9799-4C88-9FDA-BF26E3EF4C45}.Release|x86.ActiveCfg = Release|Win32
		{51333580-9799-4C88-9FDA-BF26E3EF4C45}.Release|x86.Build.0 = Release|Win32
		{B8490824-2DD9-4525-B156-2D7B0B2B99D0}.Debug|x64.ActiveCfg = Debug|x64
		{B8490824-2DD9-4525-B156-2D7B0B2B99D0}.Debug|x64.Build.0 = Debug|x64
		{B8490824-2DD9-4525-B156-2D7B0B2B99D0}.Debug|x86.ActiveCfg = Debug|Win32
		{B8490824-2DD9-4525-B156-2D7B0B2B99D0}.Debug|x86.Build.0 = Debug|Win32
		{B8490824-2DD9-4525-B156-2D7B0B2B99D0}.Release|x64.ActiveCfg = Release|x64
		{B8490824-2DD9-4525-B156-2D7B0B2B99D0}.Release|x64.Build.0 = Release|x64
		{B8490824-2DD9-4525-B156-2D7B0B2B99D0}.Release|x86.ActiveCfg = Release|Win32
		{B8490824-2DD9-4525-B156-2D7B0B2B99D0}.Release|x86.Build.0 = Release|Win32
		{FCC66906-3B79-4457-BDFB-27AD90431564}.Debug|x64.ActiveCfg = Debug|x64
		{FCC66906-3B79-4457-BDFB-27AD90431564}.Debug|x64.Build.0 = Debug|x64
		{FCC66906-3B79-4457-BDFB-27AD90431564}.Debug|x86.ActiveCfg = Debug|Win32
		{FCC66906-3B79-4457-BDFB-27AD90431564}.Debug|x86.Build.0 = Debug|Win32
		{FCC66906-3B79-4457-BDFB-27AD90431564}.Release|x64.ActiveCfg = Release|x64
		{FCC66906-3B79-4457-BDFB-27AD90431564}.Release|x64.Build.0 = Release|x64
		{FCC66906-3B79-4457-BDFB-27AD90431564}.Release|x86.ActiveCfg = Release|Win32
		{FCC66906-3B79-4457-BDFB-27AD90431564}.Release|x86.Build.0 = Release|Win32
		{E4B275C8-20F5-4317-A40C-3B5EE2AB11FD}.Debug|x64.ActiveCfg = Debug|x64
		{E4B275C8-20F5-4317-A40C-3B5EE2AB11FD}.Debug|x64.Build.0 = Debug|x64
		{E4B275C8-20F5-4317-A40C-3B5EE2AB11FD}.Debug|x86.ActiveCfg = Debug|Win32
		{E4B275C8-20F5-4317-A40C-3B5EE2AB11FD}.Debug|x86.Build.0 = Debug|Win32
		{E4B275C8-20F5-4317-A40C-3B5EE2AB11FD}.Release|x64.ActiveCfg = Release|x64
		{E4B275C8-20F5-4317-A40C-3B5EE2AB11FD}.Release|x64.Build.0 = Release|x64
		{E4B275C8-20F5-4317-A40C-3B5EE2AB11FD}.Release|x86.ActiveCfg = Release|Win32
		{E4B275C8-20F5-4317-A40C-3B5EE2AB11FD}.Release|x86.Build.0 = Release|Win32
		{37D72AC6-BEAD-414D-9CAA-50FA0DAB1537}.Debug|x64.ActiveCfg = Debug|x64
		{37D72AC6-BEAD-414D-9CAA-50FA0DAB1537}.Debug|x64.Build.0 = Debug|x64
		{37D72AC6-BEAD-414D-9CAA-50FA0DAB1537}.Debug|x86.ActiveCfg = Debug|Win32
		{37D72AC6-BEAD-414D-9CAA-50FA0DAB1537}.Debug|x86.Build.0 = Debug|Win32
		{37D72AC6-BEAD-414D-9CAA-50FA0DAB1537}.Release|x64.ActiveCfg = Release|x64
		{37D72AC6-BEAD-414D-9CAA-50FA0DAB1537}.Release|x64.Build.0 = Release|x64
		{37D72AC6-BEAD-414D-9CAA-50FA0DAB1537}.Release|x86.ActiveCfg = Release|Win32
		{37D72AC6-BEAD-414D-9CAA-50FA0DAB1537}.Release|x86.Build.0 = Release|Win32
		{21034D90-C4DF-409D-8615-732A52A8E899}.Debug|x64.ActiveCfg = Debug|x64
		{21034D90-C4DF-409D-8615-732A52A8E899}.Debug|x64.Build.0 = Debug|x64
		{21034D90-C4DF-409D-8615-732A52A8E899}.Debug|x86.ActiveCfg = Debug|Win32
		{21034D90-C4DF-409D-8615-732A52A8E899}.Debug|x86.Build.0 = Debug|Win32
		{21034D90-C4DF-409D-8615-732A52A8E899}.Release|x64.ActiveCfg = Release|x64
		{21034D90-C4DF-409D-8615-732A52A8E899}.Release|x64.Build.0 = Release|x64
		{21034D90-C4DF-409D-8615-732A52A8E899}.Release|x86.ActiveCfg = Release|Win32
		{21034D90-C4DF-409D-8615-732A52A8E899}.Release|x86.Build.0 = Release|Win32
		{1682880F-FFDA-4516-834D-0E231A7E0696}.Debug|x64.ActiveCfg = Debug|x64
		{1682880F-FFDA-4516-834D-0E231A7E0696}.Debug|x64.Build.0 = Debug|x64
		{1682880F-FFDA-4516-834D-0E231A7E0696}.Debug|x86.ActiveCfg = Debug|Win32
		{1682880F-FFDA-4516-834D-0E231A7E0696}.Debug|x86.Build.0 = Debug|Win32
		{1682880F-FFDA-4516-834D-0E231A7E0696}.Release|x64.ActiveCfg = Release|x64
		{1682880F-FFDA-4516-834D-0E231A7E0696}.Release|x64.Build.0 = Release|x64
		{1682880F-FFDA-4516-834D-0E231A7E0696}.Release|x86.ActiveCfg = Release|Win32
		{1682880F-FFDA-4516-834D-0E231A7E0696}.Release|x86.Build.0 = Release|Win32
		{C76F8B49-F104-47A4-A86A-11C6829DBE55}.Debug|x64.ActiveCfg = Debug|x64
		{C76F8B49-F104-47A4-A86A-11C6829DBE55}.Debug|x64.Build.0 = Debug|x64
		{C76F8B49-F104-47A4-A86A-11C6829DBE55}.Debug|x86.ActiveCfg = Debug|Win32
		{C76F8B49-F104-47A4-A86A-11C6829DBE55}.Debug|x86.Build.0 = Debug|Win32
		{C76F8B49-F104-47A4-A86A-11C6829DBE55}.Release|x64.ActiveCfg = Release|x64
		{C76F8B49-F104-47A4-A86A-11C6829DBE55}.Release|x64.Build.0 = Release|x64
		{C76F8B49-F104-47A4-A86A-11C6829DBE55}.Release|x86.ActiveCfg = Release|Win32
		{C76F8B49-F104-47A4-A86A-11C6829DBE55}.Release|x86.Build.0 = Release|Win32
		{E8E2AF29-A535-400E-B9A8-FBB359782930}.Debug|x64.ActiveCfg = Debug|x64
		{E8E2AF29-A535-400E-B9A8-FBB359782930}.Debug|x64.Build.0 = Debug|x64
		{E8E2AF29-A535-400E-B9A8-FBB359782930}.Debug|x86.ActiveCfg = Debug|Win32
		{E8E2AF29-A535-400E-B9A8-FBB359782930}.Debug|x86.Build.0 = Debug|Win32
		{E8E2AF29-A535-400E-B9A8-FBB359782930}.Release|x64.ActiveCfg = Release|x64
		{E8E2AF29-A535-400E-B9A8-FBB359782930}.Release|x64.Build.0 = Release|x64
		{E8E2AF29-A535-400E-B9A8-FBB359782930}.Release|x86.ActiveCfg = Release|Win32
		{E8E2AF29-A535-400E-B9A8-FBB359782930}.Release|x86.Build.0 = Release|Win32
		{928847E9-B669-4030-A6D1-F5D973C3A371}.Debug|x64.ActiveCfg = Debug|x64
		{928847E9-B669-4030-A6D1-F5D973C3A371}.Debug|x64.Build.0 = Debug|x64
		{928847E9-B669-4030-A6D1-F5D973C3A371}.Debug|x86.ActiveCfg = Debug|Win32
		{928847E9-B669-4030-A6D1-F5D973C3A371}.Debug|x86.Build.0 = Debug|Win32
		{928847E9-B669-4030-A6D1-F5D973C3A371}.Release|x64.ActiveCfg = Release|x64
		{928847E9-B669-4030-A6D1-F5D973C3A371}.Release|x64.Build.0 = Release|x64
		{928847E9-B669-4030-A6D1-F5D973C3A371}.Release|x86.ActiveCfg = Release|Win32
		{928847E9-B669-4030-A6D1-F5D973C3A371}.Release|x86.Build.0 = Release|Win32
		{C840C945-81D5-4D2D-8BF0-91A8473202F8}.Debug|x64.ActiveCfg = Debug|x64
		{C840C945-81D5-4D2D-8BF0-91A8473202F8}.Debug|x64.Build.0 = Debug|x64
		{C840C945-81D5-4D2D-8BF0-91A8473202F8}.Debug|x86.ActiveCfg = Debug|Win32
		{C840C945-81D5-4D2D-8BF0-91A8473202F8}.Debug|x86.Build.0 = Debug|Win32
		{C840C945-81D5-4D2D-8BF0-91A8473202F8}.Release|x64.ActiveCfg = Release|x64
		{C840C945-81D5-4D2D-8BF0-91A8473202F8}.Release|x64.Build.0 = Release|x64
		{C840C945-81D5-4D2D-8BF0-91A8473202F8}.Release|x86.ActiveCfg = Release|Win32
		{C840C945-81D5-4D2D-8BF0-91A8473202F8}.Release|x86.Build.0 = Release|Win32
		{0374F332-72CE-41FC-8EE6-8B949B4A5FB1}.Debug|x64.ActiveCfg = Debug|x64
		{0374F332-72CE-41FC-8EE6-8B949B4A5FB1}.Debug|x64.Build.0 = Debug|x64
		{0374F332-72CE-41FC-8EE6-8B949B4A5FB1}.Debug|x86.ActiveCfg = Debug|Win32
		{0374F332-72CE-41FC-8EE6-8B949B4A5FB1}.Debug|x86.Build.0 = Debug|Win32
		{0374F332-72CE-41FC-8EE6-8B949B4A5FB1}.Release|x64.ActiveCfg = Release|x64
		{0374F332-72CE-41FC-8EE6-8B949B4A5FB1}.Release|x64.Build.0 = Release|x64
		{0374F332-72CE-41FC-8EE6-8B949B4A5FB1}.Release|x86.ActiveCfg = Release|Win32
		{0374F332-72CE-41FC-8EE6-8B949B4A5FB1}.Release|x86.Build.0 = Release|Win32
		{92D408B1-C261-4CA4-99F7-0E7E6899C254}.Debug|x64.ActiveCfg = Debug|x64
		{92D408B1-C261-4CA4-99F7-0E7E6899C254}.Debug|x64.Build.0 = Debug|x64
		{92D408B1-C261-4CA4-99F7-0E7E6899C254}.Debug|x86.ActiveCfg = Debug|Win32
		{92D408B1-C261-4CA4-99F7-0E7E6899C254}.Debug|x86.Build.0 = Debug|Win32
		{92D408B1-C261-4CA4-99F7-0E7E6899C254}.Release|x64.ActiveCfg = Release|x64
		{92D408B1-C261-4CA4-99F7-0E7E6899C254}.Release|x64.Build.0 = Release|x64
		{92D408B1-C261-4CA4-99F7-0E7E6899C254}.Release|x86.ActiveCfg = Release|Win32
		{92D408B1-C261-4CA4-99F7-0E7E6899C254}.Release|x86.Build.0 = Release|Win32
		{7228360E-3B10-4043-9E18-3E061B3950AA}.Debug|x64.ActiveCfg = Debug|x64
		{7228360E-3B10-4043-9E18-3E061B3950AA}.Debug|x64.Build.0 = Debug|x64
		{7228360E-3B10-4043-9E18-3E061B3950AA}.Debug|x86.ActiveCfg = Debug|Win32
		{7228360E-3B10-4043-9E18-3E061B3950AA}.Debug|x86.Build.0 = Debug|Win32
		{7228360E-3B10-4043-9E18-3E061B3950AA}.Release|x64.ActiveCfg = Release|x64
		{7228360E-3B10-4043-9E18-3E061B3950AA}.Release|x64.Build.0 = Release|x64
		{7228360E-3B10-4043-9E18-3E061B3950AA}.Release|x86.ActiveCfg = Release|Win32
		{7228360E-3B10-4043-9E18-3E061B3950AA}.Release|x86.Build.0 = Release|Win32
		{C03C2948-A46B-4A2A-95F7-56673EA2D938}.Debug|x64.ActiveCfg = Debug|x64
		{C03C2948-A46B-4A2A-95F7-56673EA2D938}.Debug|x64.Build.0 = Debug|x64
		{C03C2948-A46B-4A2A-95F7-56673EA2D938}.Debug|x86.ActiveCfg = Debug|Win32
		{C03C2948-A46B-4A2A-95F7-56673EA2D938}.Debug|x86.Build.0 = Debug|Win32
		{C03C2948-A46B-4A2A-95F7-56673EA2D938}.Release|x64.ActiveCfg = Release|x64
		{C03C2948-A46B-4A2A-95F7-56673EA2D938}.Release|x64.Build.0 = Release|x64
		{C03C2948-A46B-4A2A-95F7-56673EA2D938}.Release|x86.ActiveCfg = Release|Win32
		{C03C2948-A46B-4A2A-95F7-56673EA2D938}.Release|x86.Build.0 = Release|Win32
		{53153EB3-D730-4589-AF49-041CBD154D71}.Debug|x64.ActiveCfg = Debug|x64
		{53153EB3-D730-4589-AF49-041CBD154D71}.Debug|x64.Build.0 = Debug|x64
		{53153EB3-D730-4589-AF49-041CBD154D71}.Debug|x86.ActiveCfg = Debug|Win32
		{53153EB3-D730-4589-AF49-041CBD154D71}.Debug|x86.Build.0 = Debug|Win32
		{53153EB3-D730-4589-AF49-041CBD154D71}.Release|x64.ActiveCfg = Release|x64
		{53153EB3-D730-4589-AF49-041CBD154D71}.Release|x64.Build.0 = Release|x64
		{53153EB3-D730-4589-AF49-041CBD154D71}.Release|x86.ActiveCfg = Release|Win32
		{53153EB3-D730-4589-AF49-041CBD154D71}.Release|x86.Build.0 = Release|Win32
		{D79856EB-890A-40D9-BE4D-57DFA2109F1F}.Debug|x64.ActiveCfg = Debug|x64
		{D79856EB-890A-40D9-BE4D-57DFA2109F1F}.Debug|x64.Build.0 = Debug|x64
		{D79856EB-890A-40D9-BE4D-57DFA2109F1F}.Debug|x86.ActiveCfg = Debug|Win32
		{D79856EB-890A-40D9-BE4D-57DFA2109F1F}.Debug|x86.Build.0 = Debug|Win32
		{D79856EB-890A-40D9-BE4D-57DFA2109F1F}.Release|x64.ActiveCfg = Release|x64
		{D79856EB-890A-40D9-BE4D-57DFA2109F1F}.Release|x64.Build.0 = Release|x64
		{D79856EB-890A-40D9-BE4D-57DFA2109F1F}.Release|x86.ActiveCfg = Release|Win32
		{D79856EB-890A-40D9-BE4D-57DFA2109F1F}.Release|x86.Build.0 = Release|Win32
		{B419DA78-8249-4CCF-B9E1-839A5B75FC29}.Debug|x64.ActiveCfg = Debug|x64
		{B419DA78-8249-4CCF-B9E1-839A5B75FC29}.Debug|x64.Build.0 = Debug|x64
		{B419DA78-8249-4CCF-B9E1-839A5B75FC29}.Debug|x86.ActiveCfg = Debug|Win32
		{B419DA78-8249-4CCF-B9E1-839A5B75FC29}.Debug|x86.Build.0 = Debug|Win32
		{B419DA78-8249-4CCF-B9E1-839A5B75FC29}.Release|x64.ActiveCfg = Release|x64
		{B419DA78-8249-4CCF-B9E1-839A5B75FC29}.Release|x64.Build.0 = Release|x64
		{B419DA78-8249-4CCF-B9E1-839A5B75FC29}.Release|x86.ActiveCfg = Release|Win32
		{B419DA78-8249-4CCF-B9E1-839A5B75FC29}.Release|x86.Build.0 = Release|Win32
		{A0FCC5A1-BDF1-4175-857C-ECE01FB7170A}.Debug|x64.ActiveCfg = Debug|x64
		{A0FCC5A1-BDF1-4175-857C-ECE01FB7170A}.Debug|x64.Build.0 = Debug|x64
		{A0FCC5A1-BDF1-4175-857C-ECE01FB7170A}.Debug|x86.ActiveCfg = Debug|Win32
		{A0FCC5A1-BDF1-4175-857C-ECE01FB7170A}.Debug|x86.Build.0 = Debug|Win32
		{A0FCC5A1-BDF1-4175-857C-ECE01FB7170A}.Release|x64.ActiveCfg = Release|x64
		{A0FCC5A1-BDF1-4175-857C-ECE01FB7170A}.Release|x64.Build.0 = Release|x64
		{A0FCC5A1-BDF1-4175-857C-ECE01FB7170A}.Release|x86.ActiveCfg = Release|Win32
		{A0FCC5A1-BDF1-4175-857C-ECE01FB7170A}.Release|x86.Build.0 = Release|Win32
		{E7A9059E-7620-40B9-8F4A-7A4DB2593E2B}.Debug|x64.ActiveCfg = Debug|x64
		{E7A9059E-7620-40B9-8F4A-7A4DB2593E2B}.Debug|x64.Build.0 = Debug|x64
		{E7A9059E-7620-40B9-8F4A-7A4DB2593E2B}.Debug|x86.ActiveCfg = Debug|Win32
		{E7A9059E-7620-40B9-8F4A-7A4DB2593E2B}.Debug|x86.Build.0 = Debug|Win32
		{E7A9059E-7620-40B9-8F4A-7A4DB2593E2B}.Release|x64.ActiveCfg = Release|x64
		{E7A9059E-7620-40B9-8F4A-7A4DB2593E2B}.Release|x64.Build.0 = Release|x64
		{E7A9059E-7620-40B9-8F4A-7A4DB2593E2B}.Release|x86.ActiveCfg = Release|Win32
		{E7A9059E-7620-40B9-8F4A-7A4DB2593E2B}.Release|x86.Build.0 = Release|Win32
		{77012BEF-D362-4C84-825A-E1CDE048E3EF}.Debug|x64.ActiveCfg = Debug|x64
		{77012BEF-D362-4C84-825A-E1CDE048E3EF}.Debug|x64.Build.0 = Debug|x64
		{77012BEF-D362-4C84-825A-E1CDE048E3EF}.Debug|x86.ActiveCfg = Debug|Win32
		{77012BEF-D362-4C84-825A-E1CDE048E3EF}.Debug|x86.Build.0 = Debug|Win32
		{77012BEF-D362-4C84-825A-E1CDE048E3EF}.Release|x64.ActiveCfg = Release|x64
		{77012BEF-D362-4C84-825A-E1CDE048E3EF}.Release|x64.Build.0 = Release|x64
		{77012BEF-D362-4C84-825A-E1CDE048E3EF}.Release|x86.ActiveCfg = Release|Win32
		{77012BEF-D362-4C84-825A-E1CDE048E3EF}.Release|x86.Build.0 = Release|Win32
		{1E377531-9522-465D-9EE3-3AFEDA96ED5F}.Debug|x64.ActiveCfg = Debug|x64
		{1E377531-9522-465D-9EE3-3AFEDA96ED5F}.Debug|x64.Build.0 = Debug|x64
		{1E377531-9522-465D-9EE3-3AFEDA96ED5F}.Debug|x86.ActiveCfg = Debug|Win32
		{1E377531-9522-465D-9EE3-3AFEDA96ED5F}.Debug|x86.Build.0 = Debug|Win32
		{1E377531-9522-465D-9EE3-3AFEDA96ED5F}.Release|x64.ActiveCfg = Release|x64
		{1E377531-9522-465D-9EE3-3AFEDA96ED5F}.Release|x64.Build.0 = Release|x64
		{1E377531-9522-465D-9EE3-3AFEDA96ED5F}.Release|x86.ActiveCfg = Release|Win32
		{1E377531-9522-465D-9EE3-3AFEDA96ED5F}.Release|x86.Build.0 = Release|Win32
		{EBA54881-339D-4F5E-9D47-5443AAB3EDD0}.Debug|x64.ActiveCfg = Debug|x64
		{EBA54881-339D-4F5E-9D47-5443AAB3EDD0}.Debug|x64.Build.0 = Debug|x64
		{EBA54881-339D-4F5E-9D47-5443AAB3EDD0}.Debug|x86.ActiveCfg = Debug|Win32
		{EBA54881-339D-4F5E-9D47-5443AAB3EDD0}.Debug|x86.Build.0 = Debug|Win32
		{EBA54881-339D-4F5E-9D47-5443AAB3EDD0}.Release|x64.ActiveCfg = Release|x64
		{EBA54881-339D-4F5E-9D47-5443AAB3EDD0}.Release|x64.Build.0 = Release|x64
		{EBA54881-339D-4F5E-9D47-5443AAB3EDD0}.Release|x86.ActiveCfg = Release|Win32
		{EBA54881-339D-4F5E-9D47-5443AAB3EDD0}.Release|x86.Build.0 = Release|Win32
		{5D032C6B-C2F7-4857-B8BF-E865CBF59879}.Debug|x64.ActiveCfg = Debug|x64
		{5D032C6B-C2F7-4857-B8BF-E865CBF59879}.Debug|x64.Build.0 = Debug|x64
		{5D032C6B-C2F7-4857-B8BF-E865CBF59879}.Debug|x86.ActiveCfg = Debug|Win32
		{5D032C6B-C2F7-4857-B8BF-E865CBF59879}.Debug|x86.Build.0 = Debug|Win32
		{5D032C6B-C2F7-4857-B8BF-E865CBF59879}.Release|x64.ActiveCfg = Release|x64
		{5D032C6B-C2F7-4857-B8BF-E865CBF59879}.Release|x64.Build.0 = Release|x64
		{5D032C6B-C2F7-4857-B8BF-E865CBF59879}.Release|x86.ActiveCfg = Release|Win32
		{5D032C6B-C2F7-4857-B8BF-E865CBF59879}.Release|x86.Build.0 = Release|Win32
		{025A55DB-F767-4C22-9E7A-BC8F65FDD662}.Debug|x64.ActiveCfg = Debug|x64
		{025A55DB-F767-4C22-9E7A-BC8F65FDD662}.Debug|x64.Build.0 = Debug|x64
		{025A55DB-F767-4C22-9E7A-BC8F65FDD662}.Debug|x86.ActiveCfg = Debug|Win32
		{025A55DB-F767-4C22-9E7A-BC8F65FDD662}.Debug|x86.Build.0 = Debug|Win32
		{025A55DB-F767-4C22-9E7A-BC8F65FDD662}.Release|x64.ActiveCfg = Release|x64
		{025A55DB-F767-4C22-9E7A-BC8F65FDD662}.Release|x64.Build.0 = Release|x64
		{025A55DB-F767-4C22-9E7A-BC8F65FDD662}.Release|x86.ActiveCfg = Release|Win32
		{025A55DB-F767-4C22-9E7A-BC8F65FDD662}.Release|x86.Build.0 = Release|Win32
		{FD44F37C-C7AE-4EA0-9552-69584E64D7E2}.Debug|x64.ActiveCfg = Debug|x64
		{FD44F37C-C7AE-4EA0-9552-69584E64D7E2}.Debug|x64.Build.0 = Debug|x64
		{FD44F37C-C7AE-4EA0-9552-69584E64D7E2}.Debug|x86.ActiveCfg = Debug|Win32
		{FD44F37C-C7AE-4EA0-9552-69584E64D7E2}.Debug|x86.Build.0 = Debug|Win32
		{FD44F37C-C7AE-4EA0-9552-69584E64D7E2}.Release|x64.ActiveCfg = Release|x64
		{FD44F37C-C7AE-4EA0-9552-69584E64D7E2}.Release|x64.Build.0 = Release|x64
		{FD44F37C-C7AE-4EA0-9552-69584E64D7E2}.Release|x86.ActiveCfg = Release|Win32
		{FD44F37C-C7AE-4EA0-9552-69584E64D7E2}.Release|x86.Build.0 = Release|Win32
		{C03C13EC-893A-49D5-B753-FEDDA73DC931}.Debug|x64.ActiveCfg = Debug|x64
		{C03C13EC-893A-49D5-B753-FEDDA73DC931}.Debug|x64.Build.0 = Debug|x64
		{C03C13EC-893A-49D5-B753-FEDDA73DC931}.Debug|x86.ActiveCfg = Debug|Win32
		{C03C13EC-893A-49D5-B753-FEDDA73DC931}.Debug|x86.Build.0 = Debug|Win32
		{C03C13EC-893A-49D5-B753-FEDDA73DC931}.Release|x64.ActiveCfg = Release|x64
		{C03C13EC-893A-49D5-B753-FEDDA73DC931}.Release|x64.Build.0 = Release|x64
		{C03C13EC-893A-49D5-B753-FEDDA73DC931}.Release|x86.ActiveCfg = Release|Win32
		{C03C13EC-893A-49D5-B753-FEDDA73DC931}.Release|x86.Build.0 = Release|Win32
		{3E1DA973-2999-4009-8ED1-60AC0D7A51A2}.Debug|x64.ActiveCfg = Debug|x64
		{3E1DA973-2999-4009-8ED1-60AC0D7A51A2}.Debug|x64.Build.0 = Debug|x64
		{3E1DA973-2999-4009-8ED1-60AC0D7A51A2}.Debug|x86.ActiveCfg = Debug|Win32
		{3E1DA973-2999-4009-8ED1-60AC0D7A51A2}.Debug|x86.Build.0 = Debug|Win32
		{3E1DA973-2999-4009-8ED1-60AC0D7A51A2}.Release|x64.ActiveCfg = Release|x64
		{3E1DA973-2999-4009-8ED1-60AC0D7A51A2}.Release|x64.Build.0 = Release|x64
		{3E1DA973-2999-4009-8ED1-60AC0D7A51A2}.Release|x86.ActiveCfg = Release|Win32
		{3E1DA973-2999-4009-8ED1-60AC0D7A51A2}.Release|x86.Build.0 = Release|Win32
		{9CAF4752-6E9F-442F-A2F6-FB81C3B9EEE5}.Debug|x64.ActiveCfg = Debug|x64
		{9CAF4752-6E9F-442F-A2F6-FB81C3B9EEE5}.Debug|x64.Build.0 = Debug|x64
		{9CAF4752-6E9F-442F-A2F6-FB81C3B9EEE5}.Debug|x86.ActiveCfg = Debug|Win32
		{9CAF4752-6E9F-442F-A2F6-FB81C3B9EEE5}.Debug|x86.Build.0 = Debug|Win32
		{9CAF4752-6E9F-442F-A2F6-FB81C3B9EEE5}.Release|x64.ActiveCfg = Release|x64
		{9CAF4752-6E9F-442F-A2F6-FB81C3B9EEE5}.Release|x64.Build.0 = Release|x64
		{9CAF4752-6E9F-442F-A2F6-FB81C3B9EEE5}.Release|x86.ActiveCfg = Release|Win32
		{9CAF4752-6E9F-442F-A2F6-FB81C3B9EEE5}.Release|x86.Build.0 = Release|Win32
		{AB23AEB5-972E-4CC4-B3D4-13BCA9E7FACD}.Debug|x64.ActiveCfg = Debug|x64
		{AB23AEB5-972E-4CC4-B3D4-13BCA9E7FACD}.Debug|x64.Build.0 = Debug|x64
		{AB23AEB5-972E-4CC4-B3D4-13BCA9E7FACD}.Debug|x86.ActiveCfg = Debug|Win32
		{AB23AEB5-972E-4CC4-B3D4-13BCA9E7FACD}.Debug|x86.Build.0 = Debug|Win32
		{AB23AEB5-972E-4CC4-B3D4-13BCA9E7FACD}.Release|x64.ActiveCfg = Release|x64
		{AB23AEB5-972E-4CC4-B3D4-13BCA9E7FACD}.Release|x64.Build.0 = Release|x64
		{AB23AEB5-972E-4CC4-B3D4-13BCA9E7FACD}.Release|x86.ActiveCfg = Release|Win32
		{AB23AEB5-972E-4CC4-B3D4-13BCA9E7FACD}.Release|x86.Build.0 = Release|Win32
		{C5598BAB-4A1D-4F55-9DBB-8E29AE8AB262}.Debug|x64.ActiveCfg = Debug|x64
		{C5598BAB-4A1D-4F55-9DBB-8E29AE8AB262}.Debug|x64.Build.0 = Debug|x64
		{C5598BAB-4A1D-4F55-9DBB-8E29AE8AB262}.Debug|x86.ActiveCfg = Debug|Win32
		{C5598BAB-4A1D-4F55-9DBB-8E29AE8AB262}.Debug|x86.Build.0 = Debug|Win32
		{C5598BAB-4A1D-4F55-9DBB-8E29AE8AB262}.Release|x64.ActiveCfg = Release|x64
		{C5598BAB-4A1D-4F55-9DBB-8E29AE8AB262}.Release|x64.Build.0 = Release|x64
		{C5598BAB-4A1D-4F55-9DBB-8E29AE8AB262}.Release|x86.ActiveCfg = Release|Win32
		{C5598BAB-4A1D-4F55-9DBB-8E29AE8AB262}.Release|x86.Build.0 = Release|Win32
		{26A98B31-E398-4122-B37D-0CD28EAF5A4B}.Debug|x64.ActiveCfg = Debug|x64
		{26A98B31-E398-4122-B37D-0CD28EAF5A4B}.Debug|x64.Build.0 = Debug|x64
		{26A98B31-E398-4122-B37D-0CD28EAF5A4B}.Debug|x86.ActiveCfg = Debug|Win32
		{26A98B31-E398-4122-B37D-0CD28EAF5A4B}.Debug|x86.Build.0 = Debug|Win32
		{26A98B31-E398-4122-B37D-0CD28EAF5A4B}.Release|x64.ActiveCfg = Release|x64
		{26A98B31-E398-4122-B37D-0CD28EAF5A4B}.Release|x64.Build.0 = Release|x64
		{26A98B31-E398-4122-B37D-0CD28EAF5A4B}.Release|x86.ActiveCfg = Release|Win32
		{26A98B31-E398-4122-B37D-0CD28EAF5A4B}.Release|x86.Build.0 = Release|Win32
		{B8F9BF91-91FD-41AC-81E0-DD0DD13801E7}.Debug|x64.ActiveCfg = Debug|x64
		{B8F9BF91-91FD-41AC-81E0-DD0DD13801E7}.Debug|x64.Build.0 = Debug|x64
		{B8F9BF91-91FD-41AC-81E0-DD0DD13801E7}.Debug|x86.ActiveCfg = Debug|Win32
		{B8F9BF91-91FD-41AC-81E0-DD0DD13801E7}.Debug|x86.Build.0 = Debug|Win32
		{B8F9BF91-91FD-41AC-81E0-DD0DD13801E7}.Release|x64.ActiveCfg = Release|x64
		{B8F9BF91-91FD-41AC-81E0-DD0DD13801E7}.Release|x64.Build.0 = Release|x64
		{B8F9BF91-91FD-41AC-81E0-DD0DD13801E7}.Release|x86.ActiveCfg = Release|Win32
		{B8F9BF91-91FD-41AC-81E0-DD0DD13801E7}.Release|x86.Build.0 = Release|Win32
		{5CB7ED4A-5FA7-484E-807C-3EA39798A363}.Debug|x64.ActiveCfg = Debug|x64
		{5CB7ED4A-5FA7-484E-807C-3EA39798A363}.Debug|x64.Build.0 = Debug|x64
		{5CB7ED4A-5FA7-484E-807C-3EA39798A363}.Debug|x86.ActiveCfg = Debug|Win32
		{5CB7ED4A-5FA7-484E-807C-3EA39798A363}.Debug|x86.Build.0 = Debug|Win32
		{5CB7ED4A-5FA7-484E-807C-3EA39798A363}.Release|x64.ActiveCfg = Release|x64
		{5CB7ED4A-5FA7-484E-807C-3EA39798A363}.Release|x64.Build.0 = Release|x64
		{5CB7ED4A-5FA7-484E-807C-3EA39798A363}.Release|x86.ActiveCfg = Release|Win32
		{5CB7ED4A-5FA7-484E-807C-3EA39798A363}.Release|x86.Build.0 = Release|Win32
		{CAEAEAC4-AA54-4A19-AC7C-CF23B0495535}.Debug|x64.ActiveCfg = Debug|x64
		{CAEAEAC4-AA54-4A19-AC7C-CF23B0495535}.Debug|x64.Build.0 = Debug|x64
		{CAEAEAC4-AA54-4A19-AC7C-CF23B0495535}.Debug|x86.ActiveCfg = Debug|Win32
		{CAEAEAC4-AA54-4A19-AC7C-CF23B0495535}.Debug|x86.Build.0 = Debug|Win32
		{CAEAEAC4-AA54-4A19-AC7C-CF23B0495535}.Release|x64.ActiveCfg = Release|x64
		{CAEAEAC4-AA54-4A19-AC7C-CF23B0495535}.Release|x64.Build.0 = Release|x64
		{CAEAEAC4-AA54-4A19-AC7C-CF23B0495535}.Release|x86.ActiveCfg = Release|Win32
		{CAEAEAC4-AA54-4A19-AC7C-CF23B0495535}.Release|x86.Build.0 = Release|Win32
		{5FAD44BB-EF6C-447A-9D92-6BEB2603259C}.Debug|x64.ActiveCfg = Debug|x64
		{5FAD44BB-EF6C-447A-9D92-6BEB2603259C}.Debug|x64.Build.0 = Debug|x64
		{5FAD44BB-EF6C-447A-9D92-6BEB2603259C}.Debug|x86.ActiveCfg = Debug|Win32
		{5FAD44BB-EF6C-447A-9D92-6BEB2603259C}.Debug|x86.Build.0 = Debug|Win32
		{5FAD44BB-EF6C-447A-9D92-6BEB2603259C}.Release|x64.ActiveCfg = Release|x64
		{5FAD44BB-EF6C-447A-9D92-6BEB2603259C}.Release|x64.Build.0 = Release|x64
		{5FAD44BB-EF6C-447A-9D92-6BEB2603259C}.Release|x86.ActiveCfg = Release|Win32
		{5FAD44BB-EF6C-447A-9D92-6BEB2603259C}.Release|x86.Build.0 = Release|Win32
		{A70E1B62-7334-4C6B-9BDE-DBA95E372E73}.Debug|x64.ActiveCfg = Debug|x64
		{A70E1B62-7334-4C6B-9BDE-DBA95E372E73}.Debug|x64.Build.0 = Debug|x64
		{A70E1B62-7334-4C6B-9BDE-DBA95E372E73}.Debug|x86.ActiveCfg = Debug|Win32
		{A70E1B62-7334-4C6B-9BDE-DBA95E372E73}.Debug|x86.Build.0 = Debug|Win32
		{A70E1B62-7334-4C6B-9BDE-DBA95E372E73}.Release|x64.ActiveCfg = Release|x64
		{A70E1B62-7334-4C6B-9BDE-DBA95E372E73}.Release|x64.Build.0 = Release|x64
		{A70E1B62-7334-4C6B-9BDE-DBA95E372E73}.Release|x86.ActiveCfg = Release|Win32
		{A70E1B62-7334-4C6B-9BDE-DBA95E372E73}.Release|x86.Build.0 = Release|Win32
		{F589AD74-3F90-4816-A33F-C424159477CB}.Debug|x64.ActiveCfg = Debug|x64
		{F589AD74-3F90-4816-A33F-C424159477CB}.Debug|x64.Build.0 = Debug|x64
		{F589AD74-3F90-4816-A33F-C424159477CB}.Debug|x86.ActiveCfg = Debug|Win32
		{F589AD74-3F90-4816-A33F-C424159477CB}.Debug|x86.Build.0 = Debug|Win32
		{F589AD74-3F90-4816-A33F-C424159477CB}.Release|x64.ActiveCfg = Release|x64
		{F589AD74-3F90-4816-A33F-C424159477CB}.Release|x64.Build.0 = Release|x64
		{F589AD74-3F90-4816-A33F-C424159477CB}.Release|x86.ActiveCfg = Release|Win32
		{F589AD74-3F90-4816-A33F-C424159477CB}.Release|x86.Build.0 = Release|Win32
		{8513937F-35AD-4154-99B3-4E954E5CD47F}.Debug|x64.ActiveCfg = Debug|x64
		{8513937F-35AD-4154-99B3-4E954E5CD47F}.Debug|x64.Build.0 = Debug|x64
		{8513937F-35AD-4154-99B3-4E954E5CD47F}.Debug|x86.ActiveCfg = Debug|Win32
		{8513937F-35AD-4154-99B3-4E954E5CD47F}.Debug|x86.Build.0 = Debug|Win32
		{8513937F-35AD-4154-99B3-4E954E5CD47F}.Release|x64.ActiveCfg = Release|x64
		{8513937F-35AD-4154-99B3-4E954E5CD47F}.Release|x64.Build.0 = Release|x64
		{8513937F-35AD-4154-99B3-4E954E5CD47F}.Release|x86.ActiveCfg = Release|Win32
		{8513937F-35AD-4154-99B3-4E954E5CD47F}.Release|x86.Build.0 = Release|Win32
		{D5D160F2-A63F-4D54-B05E-ABB58E415E7F}.Debug|x64.ActiveCfg = Debug|x64
		{D5D160F2-A63F-4D54-B05E-ABB58E415E7F}.Debug|x64.Build.0 = Debug|x64
		{D5D160F2-A63F-4D54-B05E-ABB58E415E7F}.Debug|x86.ActiveCfg = Debug|Win32
		{D5D160F2-A63F-4D54-B05E-ABB58E415E7F}.Debug|x86.Build.0 = Debug|Win32
		{D5D160F2-A63F-4D54-B05E-ABB58E415E7F}.Release|x64.ActiveCfg = Release|x64
		{D5D160F2-A63F-4D54-B05E-ABB58E415E7F}.Release|x64.Build.0 = Release|x64
		{D5D160F2-A63F-4D54-B05E-ABB58E415E7F}.Release|x86.ActiveCfg = Release|Win32
		{D5D160F2-A63F-4D54-B05E-ABB58E415E7F}.Release|x86.Build.0 = Release|Win32
	EndGlobalSection
	GlobalSection(SolutionProperties) = preSolution
		HideSolutionNode = FALSE
	EndGlobalSection
	GlobalSection(ExtensibilityGlobals) = postSolution
		SolutionGuid = {A5418444-D103-4C25-AA1F-D6D0FEFAFCE6}
	EndGlobalSection
EndGlobal
